{
    "name": "parserTP",
    "lockfileVersion": 2,
    "requires": true,
    "packages": {
        "": {
            "name": "parserTP",
            "dependencies": {
                "acorn": "^8.10.0",
                "acorn-walk": "^8.2.0",
                "fs": "^0.0.1-security",
                "sigma": "^3.0.0-alpha3",
                "vis": "^4.21.0-EOL"
            }
        },
        "node_modules/@yomguithereal/helpers": {
            "version": "1.1.1",
            "resolved": "https://registry.npmjs.org/@yomguithereal/helpers/-/helpers-1.1.1.tgz",
            "integrity": "sha512-UYvAq/XCA7xoh1juWDYsq3W0WywOB+pz8cgVnE1b45ZfdMhBvHDrgmSFG3jXeZSr2tMTYLGHFHON+ekG05Jebg=="
        },
        "node_modules/acorn": {
            "version": "8.10.0",
            "resolved": "https://registry.npmjs.org/acorn/-/acorn-8.10.0.tgz",
            "integrity": "sha512-F0SAmZ8iUtS//m8DmCTA0jlh6TDKkHQyK6xc6V4KDTyZKA9dnvX9/3sRTVQrWm79glUAZbnmmNcdYwUIHWVybw==",
            "bin": {
                "acorn": "bin/acorn"
            },
            "engines": {
                "node": ">=0.4.0"
            }
        },
        "node_modules/acorn-walk": {
            "version": "8.2.0",
            "resolved": "https://registry.npmjs.org/acorn-walk/-/acorn-walk-8.2.0.tgz",
            "integrity": "sha512-k+iyHEuPgSw6SbuDpGQM+06HQUa04DZ3o+F6CSzXMvvI5KMvnaEqXe+YVe555R9nn6GPt404fos4wcgpw12SDA==",
            "engines": {
                "node": ">=0.4.0"
            }
        },
        "node_modules/emitter-component": {
            "version": "1.1.1",
            "resolved": "https://registry.npmjs.org/emitter-component/-/emitter-component-1.1.1.tgz",
            "integrity": "sha512-G+mpdiAySMuB7kesVRLuyvYRqDmshB7ReKEVuyBPkzQlmiDiLrt7hHHIy4Aff552bgknVN7B2/d3lzhGO5dvpQ=="
        },
        "node_modules/events": {
            "version": "3.3.0",
            "resolved": "https://registry.npmjs.org/events/-/events-3.3.0.tgz",
            "integrity": "sha512-mQw+2fkQbALzQ7V0MY0IqdnXNOeTtP4r0lN9z7AAawCXgqea7bDii20AYrIBrFd/Hx0M2Ocz6S111CaFkUcb0Q==",
            "engines": {
                "node": ">=0.8.x"
            }
        },
        "node_modules/fs": {
            "version": "0.0.1-security",
            "resolved": "https://registry.npmjs.org/fs/-/fs-0.0.1-security.tgz",
            "integrity": "sha512-3XY9e1pP0CVEUCdj5BmfIZxRBTSDycnbqhIOGec9QYtmVH2fbLpj86CFWkrNOkt/Fvty4KZG5lTglL9j/gJ87w=="
        },
        "node_modules/graphology-types": {
            "version": "0.24.7",
            "resolved": "https://registry.npmjs.org/graphology-types/-/graphology-types-0.24.7.tgz",
            "integrity": "sha512-tdcqOOpwArNjEr0gNQKCXwaNCWnQJrog14nJNQPeemcLnXQUUGrsCWpWkVKt46zLjcS6/KGoayeJfHHyPDlvwA==",
            "peer": true
        },
        "node_modules/graphology-utils": {
            "version": "2.5.2",
            "resolved": "https://registry.npmjs.org/graphology-utils/-/graphology-utils-2.5.2.tgz",
            "integrity": "sha512-ckHg8MXrXJkOARk56ZaSCM1g1Wihe2d6iTmz1enGOz4W/l831MBCKSayeFQfowgF8wd+PQ4rlch/56Vs/VZLDQ==",
            "peerDependencies": {
                "graphology-types": ">=0.23.0"
            }
        },
        "node_modules/hammerjs": {
            "version": "2.0.8",
            "resolved": "https://registry.npmjs.org/hammerjs/-/hammerjs-2.0.8.tgz",
            "integrity": "sha512-tSQXBXS/MWQOn/RKckawJ61vvsDpCom87JgxiYdGwHdOa0ht0vzUWDlfioofFCRU0L+6NGDt6XzbgoJvZkMeRQ==",
            "engines": {
                "node": ">=0.8.0"
            }
        },
        "node_modules/keycharm": {
            "version": "0.2.0",
            "resolved": "https://registry.npmjs.org/keycharm/-/keycharm-0.2.0.tgz",
            "integrity": "sha512-i/XBRTiLqRConPKioy2oq45vbv04e8x59b0mnsIRQM+7Ec/8BC7UcL5pnC4FMeGb8KwG7q4wOMw7CtNZf5tiIg=="
        },
        "node_modules/moment": {
            "version": "2.29.4",
            "resolved": "https://registry.npmjs.org/moment/-/moment-2.29.4.tgz",
            "integrity": "sha512-5LC9SOxjSc2HF6vO2CyuTDNivEdoz2IvyJJGj6X8DJ0eFyfszE0QiEd+iXmBvUP3WHxSjFH/vIsA0EN00cgr8w==",
            "engines": {
                "node": "*"
            }
        },
        "node_modules/propagating-hammerjs": {
            "version": "1.5.0",
            "resolved": "https://registry.npmjs.org/propagating-hammerjs/-/propagating-hammerjs-1.5.0.tgz",
            "integrity": "sha512-3PUXWmomwutoZfydC+lJwK1bKCh6sK6jZGB31RUX6+4EXzsbkDZrK4/sVR7gBrvJaEIwpTVyxQUAd29FKkmVdw==",
            "dependencies": {
                "hammerjs": "^2.0.8"
            }
        },
        "node_modules/sigma": {
            "version": "3.0.0-alpha3",
            "resolved": "https://registry.npmjs.org/sigma/-/sigma-3.0.0-alpha3.tgz",
            "integrity": "sha512-WpUqM7cleO67/n/kaDL3ZP9yC2+6CgxL3J3GkQNqdt50PwFD30DVmLNldxhv+fFiXo8AX0Er4qVflL8ll/fCcg==",
            "dependencies": {
                "@yomguithereal/helpers": "^1.1.1",
                "events": "^3.3.0",
                "graphology-utils": "^2.5.0"
            }
        },
        "node_modules/vis": {
            "version": "4.21.0-EOL",
            "resolved": "https://registry.npmjs.org/vis/-/vis-4.21.0-EOL.tgz",
            "integrity": "sha512-JVS1mywKg5S88XbkDJPfCb3n+vlg5fMA8Ae2hzs3KHAwD4ryM5qwlbFZ6ReDfY8te7I4NLCpuCoywJQEehvJlQ==",
            "deprecated": "Please consider using https://github.com/visjs",
            "dependencies": {
                "emitter-component": "^1.1.1",
                "hammerjs": "^2.0.8",
                "keycharm": "^0.2.0",
                "moment": "^2.18.1",
                "propagating-hammerjs": "^1.4.6"
            }
        }
    },
    "dependencies": {
        "@yomguithereal/helpers": {
            "version": "1.1.1",
            "resolved": "https://registry.npmjs.org/@yomguithereal/helpers/-/helpers-1.1.1.tgz",
            "integrity": "sha512-UYvAq/XCA7xoh1juWDYsq3W0WywOB+pz8cgVnE1b45ZfdMhBvHDrgmSFG3jXeZSr2tMTYLGHFHON+ekG05Jebg=="
        },
        "acorn": {
            "version": "8.10.0",
            "resolved": "https://registry.npmjs.org/acorn/-/acorn-8.10.0.tgz",
            "integrity": "sha512-F0SAmZ8iUtS//m8DmCTA0jlh6TDKkHQyK6xc6V4KDTyZKA9dnvX9/3sRTVQrWm79glUAZbnmmNcdYwUIHWVybw=="
        },
        "acorn-walk": {
            "version": "8.2.0",
            "resolved": "https://registry.npmjs.org/acorn-walk/-/acorn-walk-8.2.0.tgz",
            "integrity": "sha512-k+iyHEuPgSw6SbuDpGQM+06HQUa04DZ3o+F6CSzXMvvI5KMvnaEqXe+YVe555R9nn6GPt404fos4wcgpw12SDA=="
        },
        "emitter-component": {
            "version": "1.1.1",
            "resolved": "https://registry.npmjs.org/emitter-component/-/emitter-component-1.1.1.tgz",
            "integrity": "sha512-G+mpdiAySMuB7kesVRLuyvYRqDmshB7ReKEVuyBPkzQlmiDiLrt7hHHIy4Aff552bgknVN7B2/d3lzhGO5dvpQ=="
        },
        "events": {
            "version": "3.3.0",
            "resolved": "https://registry.npmjs.org/events/-/events-3.3.0.tgz",
            "integrity": "sha512-mQw+2fkQbALzQ7V0MY0IqdnXNOeTtP4r0lN9z7AAawCXgqea7bDii20AYrIBrFd/Hx0M2Ocz6S111CaFkUcb0Q=="
        },
        "fs": {
            "version": "0.0.1-security",
            "resolved": "https://registry.npmjs.org/fs/-/fs-0.0.1-security.tgz",
            "integrity": "sha512-3XY9e1pP0CVEUCdj5BmfIZxRBTSDycnbqhIOGec9QYtmVH2fbLpj86CFWkrNOkt/Fvty4KZG5lTglL9j/gJ87w=="
        },
        "graphology-types": {
            "version": "0.24.7",
            "resolved": "https://registry.npmjs.org/graphology-types/-/graphology-types-0.24.7.tgz",
            "integrity": "sha512-tdcqOOpwArNjEr0gNQKCXwaNCWnQJrog14nJNQPeemcLnXQUUGrsCWpWkVKt46zLjcS6/KGoayeJfHHyPDlvwA==",
            "peer": true
        },
        "graphology-utils": {
            "version": "2.5.2",
            "resolved": "https://registry.npmjs.org/graphology-utils/-/graphology-utils-2.5.2.tgz",
            "integrity": "sha512-ckHg8MXrXJkOARk56ZaSCM1g1Wihe2d6iTmz1enGOz4W/l831MBCKSayeFQfowgF8wd+PQ4rlch/56Vs/VZLDQ==",
            "requires": {}
        },
        "hammerjs": {
            "version": "2.0.8",
            "resolved": "https://registry.npmjs.org/hammerjs/-/hammerjs-2.0.8.tgz",
            "integrity": "sha512-tSQXBXS/MWQOn/RKckawJ61vvsDpCom87JgxiYdGwHdOa0ht0vzUWDlfioofFCRU0L+6NGDt6XzbgoJvZkMeRQ=="
        },
        "keycharm": {
            "version": "0.2.0",
            "resolved": "https://registry.npmjs.org/keycharm/-/keycharm-0.2.0.tgz",
            "integrity": "sha512-i/XBRTiLqRConPKioy2oq45vbv04e8x59b0mnsIRQM+7Ec/8BC7UcL5pnC4FMeGb8KwG7q4wOMw7CtNZf5tiIg=="
        },
        "moment": {
            "version": "2.29.4",
            "resolved": "https://registry.npmjs.org/moment/-/moment-2.29.4.tgz",
            "integrity": "sha512-5LC9SOxjSc2HF6vO2CyuTDNivEdoz2IvyJJGj6X8DJ0eFyfszE0QiEd+iXmBvUP3WHxSjFH/vIsA0EN00cgr8w=="
        },
        "propagating-hammerjs": {
            "version": "1.5.0",
            "resolved": "https://registry.npmjs.org/propagating-hammerjs/-/propagating-hammerjs-1.5.0.tgz",
            "integrity": "sha512-3PUXWmomwutoZfydC+lJwK1bKCh6sK6jZGB31RUX6+4EXzsbkDZrK4/sVR7gBrvJaEIwpTVyxQUAd29FKkmVdw==",
            "requires": {
                "hammerjs": "^2.0.8"
            }
        },
        "sigma": {
            "version": "3.0.0-alpha3",
            "resolved": "https://registry.npmjs.org/sigma/-/sigma-3.0.0-alpha3.tgz",
            "integrity": "sha512-WpUqM7cleO67/n/kaDL3ZP9yC2+6CgxL3J3GkQNqdt50PwFD30DVmLNldxhv+fFiXo8AX0Er4qVflL8ll/fCcg==",
            "requires": {
                "@yomguithereal/helpers": "^1.1.1",
                "events": "^3.3.0",
                "graphology-utils": "^2.5.0"
            }
        },
        "vis": {
            "version": "4.21.0-EOL",
            "resolved": "https://registry.npmjs.org/vis/-/vis-4.21.0-EOL.tgz",
            "integrity": "sha512-JVS1mywKg5S88XbkDJPfCb3n+vlg5fMA8Ae2hzs3KHAwD4ryM5qwlbFZ6ReDfY8te7I4NLCpuCoywJQEehvJlQ==",
            "requires": {
                "emitter-component": "^1.1.1",
                "hammerjs": "^2.0.8",
                "keycharm": "^0.2.0",
                "moment": "^2.18.1",
                "propagating-hammerjs": "^1.4.6"
            }
        }
    }
}
